
Microsoft Visual Studio Solution File, Format Version 12.00
# Visual Studio 15
VisualStudioVersion = 15.0.26730.15
MinimumVisualStudioVersion = 10.0.40219.1
Project("{FAE04EC0-301F-11D3-BF4B-00C04F79EFBC}") = "http-Listener", "http-Listener\http-Listener.csproj", "{DC8BF841-84C1-49F2-8932-D20FA11FED75}"
EndProject
Global
	GlobalSection(SolutionConfigurationPlatforms) = preSolution
		Debug|Any CPU = Debug|Any CPU
		Release|Any CPU = Release|Any CPU
	EndGlobalSection
	GlobalSection(ProjectConfigurationPlatforms) = postSolution
		{DC8BF841-84C1-49F2-8932-D20FA11FED75}.Debug|Any CPU.ActiveCfg = Debug|Any CPU
		{DC8BF841-84C1-49F2-8932-D20FA11FED75}.Debug|Any CPU.Build.0 = Debug|Any CPU
		{DC8BF841-84C1-49F2-8932-D20FA11FED75}.Release|Any CPU.ActiveCfg = Release|Any CPU
		{DC8BF841-84C1-49F2-8932-D20FA11FED75}.Release|Any CPU.Build.0 = Release|Any CPU
	EndGlobalSection
	GlobalSection(SolutionProperties) = preSolution
		HideSolutionNode = FALSE
	EndGlobalSection
	GlobalSection(ExtensibilityGlobals) = postSolution
		SolutionGuid = {3D5BB718-02DA-4E9E-A0D8-185DE853A162}
	EndGlobalSection
EndGlobal
